
Microsoft Visual Studio Solution File, Format Version 12.00
# Visual Studio Version 17
VisualStudioVersion = 17.7.34018.315
MinimumVisualStudioVersion = 10.0.40219.1
Project("{FAE04EC0-301F-11D3-BF4B-00C04F79EFBC}") = "Dictionary", "Dictionary.csproj", "{A4061CD0-78E0-43B6-B975-09764A5E597F}"
EndProject
Global
	GlobalSection(SolutionConfigurationPlatforms) = preSolution
		Debug|Any CPU = Debug|Any CPU
		Release|Any CPU = Release|Any CPU
	EndGlobalSection
	GlobalSection(ProjectConfigurationPlatforms) = postSolution
		{A4061CD0-78E0-43B6-B975-09764A5E597F}.Debug|Any CPU.ActiveCfg = Debug|Any CPU
		{A4061CD0-78E0-43B6-B975-09764A5E597F}.Debug|Any CPU.Build.0 = Debug|Any CPU
		{A4061CD0-78E0-43B6-B975-09764A5E597F}.Release|Any CPU.ActiveCfg = Release|Any CPU
		{A4061CD0-78E0-43B6-B975-09764A5E597F}.Release|Any CPU.Build.0 = Release|Any CPU
	EndGlobalSection
	GlobalSection(SolutionProperties) = preSolution
		HideSolutionNode = FALSE
	EndGlobalSection
	GlobalSection(ExtensibilityGlobals) = postSolution
		SolutionGuid = {CD3E73C5-AE12-442F-8E93-FDD82F0C2FB4}
	EndGlobalSection
EndGlobal
