
Microsoft Visual Studio Solution File, Format Version 12.00
# Visual Studio Version 17
VisualStudioVersion = 17.7.34018.315
MinimumVisualStudioVersion = 10.0.40219.1
Project("{9A19103F-16F7-4668-BE54-9A1E7A4F7556}") = "WebAPI", "WebAPI\WebAPI.csproj", "{5048E430-E513-4C8E-ADF8-329097949C21}"
EndProject
Project("{9A19103F-16F7-4668-BE54-9A1E7A4F7556}") = "Infrastructure", "Infrastructure\Infrastructure.csproj", "{76C7CC96-A35F-4E89-9EFF-E4A4C1C8D6B0}"
EndProject
Project("{9A19103F-16F7-4668-BE54-9A1E7A4F7556}") = "Domain", "Domain\Domain.csproj", "{08A17C58-BAC7-4E95-B355-12BE24897C89}"
EndProject
Project("{FAE04EC0-301F-11D3-BF4B-00C04F79EFBC}") = "Application", "Application\Application.csproj", "{73B701EA-443F-4A3C-BF13-59653636553A}"
EndProject
Project("{FAE04EC0-301F-11D3-BF4B-00C04F79EFBC}") = "Infrastructure.Migrations", "Infrastructure.Migrations\Infrastructure.Migrations.csproj", "{31D2F32E-AE21-41A8-BDA1-8DFC96CC44AD}"
EndProject
Global
	GlobalSection(SolutionConfigurationPlatforms) = preSolution
		Debug|Any CPU = Debug|Any CPU
		Release|Any CPU = Release|Any CPU
	EndGlobalSection
	GlobalSection(ProjectConfigurationPlatforms) = postSolution
		{5048E430-E513-4C8E-ADF8-329097949C21}.Debug|Any CPU.ActiveCfg = Debug|Any CPU
		{5048E430-E513-4C8E-ADF8-329097949C21}.Debug|Any CPU.Build.0 = Debug|Any CPU
		{5048E430-E513-4C8E-ADF8-329097949C21}.Release|Any CPU.ActiveCfg = Release|Any CPU
		{5048E430-E513-4C8E-ADF8-329097949C21}.Release|Any CPU.Build.0 = Release|Any CPU
		{76C7CC96-A35F-4E89-9EFF-E4A4C1C8D6B0}.Debug|Any CPU.ActiveCfg = Debug|Any CPU
		{76C7CC96-A35F-4E89-9EFF-E4A4C1C8D6B0}.Debug|Any CPU.Build.0 = Debug|Any CPU
		{76C7CC96-A35F-4E89-9EFF-E4A4C1C8D6B0}.Release|Any CPU.ActiveCfg = Release|Any CPU
		{76C7CC96-A35F-4E89-9EFF-E4A4C1C8D6B0}.Release|Any CPU.Build.0 = Release|Any CPU
		{08A17C58-BAC7-4E95-B355-12BE24897C89}.Debug|Any CPU.ActiveCfg = Debug|Any CPU
		{08A17C58-BAC7-4E95-B355-12BE24897C89}.Debug|Any CPU.Build.0 = Debug|Any CPU
		{08A17C58-BAC7-4E95-B355-12BE24897C89}.Release|Any CPU.ActiveCfg = Release|Any CPU
		{08A17C58-BAC7-4E95-B355-12BE24897C89}.Release|Any CPU.Build.0 = Release|Any CPU
		{73B701EA-443F-4A3C-BF13-59653636553A}.Debug|Any CPU.ActiveCfg = Debug|Any CPU
		{73B701EA-443F-4A3C-BF13-59653636553A}.Debug|Any CPU.Build.0 = Debug|Any CPU
		{73B701EA-443F-4A3C-BF13-59653636553A}.Release|Any CPU.ActiveCfg = Release|Any CPU
		{73B701EA-443F-4A3C-BF13-59653636553A}.Release|Any CPU.Build.0 = Release|Any CPU
		{31D2F32E-AE21-41A8-BDA1-8DFC96CC44AD}.Debug|Any CPU.ActiveCfg = Debug|Any CPU
		{31D2F32E-AE21-41A8-BDA1-8DFC96CC44AD}.Debug|Any CPU.Build.0 = Debug|Any CPU
		{31D2F32E-AE21-41A8-BDA1-8DFC96CC44AD}.Release|Any CPU.ActiveCfg = Release|Any CPU
		{31D2F32E-AE21-41A8-BDA1-8DFC96CC44AD}.Release|Any CPU.Build.0 = Release|Any CPU
	EndGlobalSection
	GlobalSection(SolutionProperties) = preSolution
		HideSolutionNode = FALSE
	EndGlobalSection
	GlobalSection(ExtensibilityGlobals) = postSolution
		SolutionGuid = {019F5386-6A5A-423D-9B89-BE9199579C05}
	EndGlobalSection
EndGlobal
